github.com/kotaoue/the-go-programming-language/ch2 v0.0.0-20200705141907-4693cae2ac30 h1:ATPToObDn3GMX9os6F58/bC+DNCQXSDNuKDSHEBcz24=
gopl.io v0.0.0-20200323155855-65c318dde95e h1:Z2obUjDpRealS0n+wq0nZ0tAyl+vY1txRLsZ/EY7XNM=
gopl.io v0.0.0-20200323155855-65c318dde95e/go.mod h1:k9MBtwj/WjioNgt7Buity/chxOPmJqkZ5bEaeT4JVm4=
